
Microsoft Visual Studio Solution File, Format Version 12.00
# Visual Studio Version 17
VisualStudioVersion = 17.14.36705.20 d17.14
MinimumVisualStudioVersion = 10.0.40219.1
Project("{FAE04EC0-301F-11D3-BF4B-00C04F79EFBC}") = "exoStarCraft", "exoStarCraft.csproj", "{4CDA905B-AE61-4E76-85C3-09D2B006A191}"
EndProject
Global
	GlobalSection(SolutionConfigurationPlatforms) = preSolution
		Debug|Any CPU = Debug|Any CPU
		Release|Any CPU = Release|Any CPU
	EndGlobalSection
	GlobalSection(ProjectConfigurationPlatforms) = postSolution
		{4CDA905B-AE61-4E76-85C3-09D2B006A191}.Debug|Any CPU.ActiveCfg = Debug|Any CPU
		{4CDA905B-AE61-4E76-85C3-09D2B006A191}.Debug|Any CPU.Build.0 = Debug|Any CPU
		{4CDA905B-AE61-4E76-85C3-09D2B006A191}.Release|Any CPU.ActiveCfg = Release|Any CPU
		{4CDA905B-AE61-4E76-85C3-09D2B006A191}.Release|Any CPU.Build.0 = Release|Any CPU
	EndGlobalSection
	GlobalSection(SolutionProperties) = preSolution
		HideSolutionNode = FALSE
	EndGlobalSection
	GlobalSection(ExtensibilityGlobals) = postSolution
		SolutionGuid = {E0B87B2C-AE4F-42A1-9DB5-50E91AEF1F7C}
	EndGlobalSection
EndGlobal
